
Microsoft Visual Studio Solution File, Format Version 12.00
# Visual Studio Version 17
VisualStudioVersion = 17.6.33829.357
MinimumVisualStudioVersion = 10.0.40219.1
Project("{FAE04EC0-301F-11D3-BF4B-00C04F79EFBC}") = "Final", "Final.csproj", "{289064DA-158D-43A6-B694-3EF59B1C2395}"
EndProject
Global
	GlobalSection(SolutionConfigurationPlatforms) = preSolution
		Debug|Any CPU = Debug|Any CPU
		Release|Any CPU = Release|Any CPU
	EndGlobalSection
	GlobalSection(ProjectConfigurationPlatforms) = postSolution
		{289064DA-158D-43A6-B694-3EF59B1C2395}.Debug|Any CPU.ActiveCfg = Debug|Any CPU
		{289064DA-158D-43A6-B694-3EF59B1C2395}.Debug|Any CPU.Build.0 = Debug|Any CPU
		{289064DA-158D-43A6-B694-3EF59B1C2395}.Release|Any CPU.ActiveCfg = Release|Any CPU
		{289064DA-158D-43A6-B694-3EF59B1C2395}.Release|Any CPU.Build.0 = Release|Any CPU
	EndGlobalSection
	GlobalSection(SolutionProperties) = preSolution
		HideSolutionNode = FALSE
	EndGlobalSection
	GlobalSection(ExtensibilityGlobals) = postSolution
		SolutionGuid = {05FC3137-FA15-49D1-8B1A-F324F6836452}
	EndGlobalSection
EndGlobal
